{
    "_meta": {
        "hash": {
            "sha256": "6582ee0f364ce3fb2bd3dbd0dc607d250463cba453c380dc4d9cd4d588d9ddb0"
        },
        "pipfile-spec": 6,
        "requires": {
            "python_version": "3.7"
        },
        "sources": [
            {
                "name": "pypi",
                "url": "https://pypi.org/simple",
                "verify_ssl": true
            }
        ]
    },
    "default": {
        "colorama": {
            "hashes": [
                "sha256:05eed71e2e327246ad6b38c540c4a3117230b19679b875190486ddd2d721422d",
                "sha256:f8ac84de7840f5b9c4e3347b3c1eaa50f7e49c2b07596221daec5edaabbd7c48"
            ],
            "index": "pypi",
            "version": "==0.4.1"
        },
        "tqdm": {
            "hashes": [
                "sha256:d385c95361699e5cf7622485d9b9eae2d4864b21cd5a2374a9c381ffed701021",
                "sha256:e22977e3ebe961f72362f6ddfb9197cc531c9737aaf5f607ef09740c849ecd05"
            ],
            "index": "pypi",
            "version": "==4.31.1"
        }
    },
    "develop": {}
}
